
Microsoft Visual Studio Solution File, Format Version 12.00
# Visual Studio 15
VisualStudioVersion = 15.0.28307.106
MinimumVisualStudioVersion = 10.0.40219.1
Project("{FAE04EC0-301F-11D3-BF4B-00C04F79EFBC}") = "QuadClient", "QuadClient\QuadClient.csproj", "{B415400D-D131-4358-994C-5393AF7B8DEC}"
EndProject
Global
	GlobalSection(SolutionConfigurationPlatforms) = preSolution
		Debug|Any CPU = Debug|Any CPU
		Release|Any CPU = Release|Any CPU
	EndGlobalSection
	GlobalSection(ProjectConfigurationPlatforms) = postSolution
		{B415400D-D131-4358-994C-5393AF7B8DEC}.Debug|Any CPU.ActiveCfg = Debug|Any CPU
		{B415400D-D131-4358-994C-5393AF7B8DEC}.Debug|Any CPU.Build.0 = Debug|Any CPU
		{B415400D-D131-4358-994C-5393AF7B8DEC}.Release|Any CPU.ActiveCfg = Release|Any CPU
		{B415400D-D131-4358-994C-5393AF7B8DEC}.Release|Any CPU.Build.0 = Release|Any CPU
	EndGlobalSection
	GlobalSection(SolutionProperties) = preSolution
		HideSolutionNode = FALSE
	EndGlobalSection
	GlobalSection(ExtensibilityGlobals) = postSolution
		SolutionGuid = {0E89EF91-1197-4D0D-AFA2-3786AEFC7598}
	EndGlobalSection
EndGlobal
