<?xml version="1.0" encoding="utf-8"?>
<Project ToolsVersion="4.0" xmlns="http://schemas.microsoft.com/developer/msbuild/2003">
  <ItemGroup>
    <Filter Include="Source Files">
      <UniqueIdentifier>{4FC737F1-C7A5-4376-A066-2A32D752A2FF}</UniqueIdentifier>
      <Extensions>cpp;c;cc;cxx;def;odl;idl;hpj;bat;asm;asmx</Extensions>
    </Filter>
    <Filter Include="Header Files">
      <UniqueIdentifier>{93995380-89BD-4b04-88EB-625FBE52EBFB}</UniqueIdentifier>
      <Extensions>h;hh;hpp;hxx;hm;inl;inc;ipp;xsd</Extensions>
    </Filter>
    <Filter Include="Resource Files">
      <UniqueIdentifier>{67DA6AB6-F800-4c08-8B7A-83BB121AAD01}</UniqueIdentifier>
      <Extensions>rc;ico;cur;bmp;dlg;rc2;rct;bin;rgs;gif;jpg;jpeg;jpe;resx;tiff;tif;png;wav;mfcribbon-ms</Extensions>
    </Filter>
    <Filter Include="Header Files\graphics">
      <UniqueIdentifier>{5781d086-574b-40d5-bd51-4991adf42e6e}</UniqueIdentifier>
    </Filter>
    <Filter Include="Header Files\math">
      <UniqueIdentifier>{c1ac2bca-91da-489f-a0f4-cce2c38d32a0}</UniqueIdentifier>
    </Filter>
    <Filter Include="Source Files\graphics">
      <UniqueIdentifier>{22cced0f-7ef7-4760-87fb-05dfc9c6d6f5}</UniqueIdentifier>
    </Filter>
    <Filter Include="Source Files\math">
      <UniqueIdentifier>{2ab5e291-25e9-4e27-859b-e22c2ee4ed55}</UniqueIdentifier>
    </Filter>
    <Filter Include="Header Files\modelloaders">
      <UniqueIdentifier>{bb3c7330-f77d-47bb-9887-8b4e70a4774f}</UniqueIdentifier>
    </Filter>
    <Filter Include="Source Files\modelloaders">
      <UniqueIdentifier>{4901bc13-72f9-49f7-9e51-da5c44bccf1d}</UniqueIdentifier>
    </Filter>
  </ItemGroup>
  <ItemGroup>
    <ClCompile Include="code\helpers.cpp">
      <Filter>Source Files</Filter>
    </ClCompile>
    <ClCompile Include="code\main.cpp">
      <Filter>Source Files</Filter>
    </ClCompile>
    <ClCompile Include="code\scene.cpp">
      <Filter>Source Files</Filter>
    </ClCompile>
    <ClCompile Include="code\graphics\camera.cpp">
      <Filter>Source Files\graphics</Filter>
    </ClCompile>
    <ClCompile Include="code\graphics\constantbuffer.cpp">
      <Filter>Source Files\graphics</Filter>
    </ClCompile>
    <ClCompile Include="code\graphics\entity.cpp">
      <Filter>Source Files\graphics</Filter>
    </ClCompile>
    <ClCompile Include="code\graphics\graphics.cpp">
      <Filter>Source Files\graphics</Filter>
    </ClCompile>
    <ClCompile Include="code\graphics\model.cpp">
      <Filter>Source Files\graphics</Filter>
    </ClCompile>
    <ClCompile Include="code\graphics\pixelshader.cpp">
      <Filter>Source Files\graphics</Filter>
    </ClCompile>
    <ClCompile Include="code\graphics\samplerstate.cpp">
      <Filter>Source Files\graphics</Filter>
    </ClCompile>
    <ClCompile Include="code\graphics\shaderbase.cpp">
      <Filter>Source Files\graphics</Filter>
    </ClCompile>
    <ClCompile Include="code\graphics\texture.cpp">
      <Filter>Source Files\graphics</Filter>
    </ClCompile>
    <ClCompile Include="code\graphics\vertexshader.cpp">
      <Filter>Source Files\graphics</Filter>
    </ClCompile>
    <ClCompile Include="code\math\geometry.cpp">
      <Filter>Source Files\math</Filter>
    </ClCompile>
    <ClCompile Include="code\math\linalg.cpp">
      <Filter>Source Files\math</Filter>
    </ClCompile>
    <ClCompile Include="code\math\position.cpp">
      <Filter>Source Files\math</Filter>
    </ClCompile>
    <ClCompile Include="Code\window.cpp">
      <Filter>Source Files</Filter>
    </ClCompile>
    <ClCompile Include="Code\math\camcontroller.cpp">
      <Filter>Source Files\math</Filter>
    </ClCompile>
    <ClCompile Include="Code\graphics\material.cpp">
      <Filter>Source Files\graphics</Filter>
    </ClCompile>
    <ClCompile Include="Code\math\boundingvolume.cpp">
      <Filter>Source Files\math</Filter>
    </ClCompile>
    <ClCompile Include="Code\modelloaders\modelloader.cpp">
      <Filter>Source Files\modelloaders</Filter>
    </ClCompile>
    <ClCompile Include="Code\modelloaders\assimploader.cpp">
      <Filter>Source Files\modelloaders</Filter>
    </ClCompile>
    <ClCompile Include="Code\modelloaders\mdlexporter.cpp">
      <Filter>Source Files\modelloaders</Filter>
    </ClCompile>
    <ClCompile Include="Code\modelloaders\mdlloader.cpp">
      <Filter>Source Files\modelloaders</Filter>
    </ClCompile>
  </ItemGroup>
  <ItemGroup>
    <ClInclude Include="code\helpers.h">
      <Filter>Header Files</Filter>
    </ClInclude>
    <ClInclude Include="code\scene.h">
      <Filter>Header Files</Filter>
    </ClInclude>
    <ClInclude Include="code\graphics\vertexshader.h">
      <Filter>Header Files\graphics</Filter>
    </ClInclude>
    <ClInclude Include="code\graphics\texture.h">
      <Filter>Header Files\graphics</Filter>
    </ClInclude>
    <ClInclude Include="code\graphics\shaderbase.h">
      <Filter>Header Files\graphics</Filter>
    </ClInclude>
    <ClInclude Include="code\graphics\samplerstate.h">
      <Filter>Header Files\graphics</Filter>
    </ClInclude>
    <ClInclude Include="code\graphics\pixelshader.h">
      <Filter>Header Files\graphics</Filter>
    </ClInclude>
    <ClInclude Include="code\graphics\model.h">
      <Filter>Header Files\graphics</Filter>
    </ClInclude>
    <ClInclude Include="code\graphics\graphics.h">
      <Filter>Header Files\graphics</Filter>
    </ClInclude>
    <ClInclude Include="code\graphics\entity.h">
      <Filter>Header Files\graphics</Filter>
    </ClInclude>
    <ClInclude Include="code\graphics\constantbuffer.h">
      <Filter>Header Files\graphics</Filter>
    </ClInclude>
    <ClInclude Include="code\graphics\camera.h">
      <Filter>Header Files\graphics</Filter>
    </ClInclude>
    <ClInclude Include="code\math\geometry.h">
      <Filter>Header Files\math</Filter>
    </ClInclude>
    <ClInclude Include="code\math\linalg.h">
      <Filter>Header Files\math</Filter>
    </ClInclude>
    <ClInclude Include="code\math\position.h">
      <Filter>Header Files\math</Filter>
    </ClInclude>
    <ClInclude Include="Code\window.h">
      <Filter>Header Files</Filter>
    </ClInclude>
    <ClInclude Include="Code\math\camcontroller.h">
      <Filter>Header Files\math</Filter>
    </ClInclude>
    <ClInclude Include="Code\graphics\material.h">
      <Filter>Header Files\graphics</Filter>
    </ClInclude>
    <ClInclude Include="Code\math\boundingvolume.h">
      <Filter>Header Files\math</Filter>
    </ClInclude>
    <ClInclude Include="Code\modelloaders\modelloader.h">
      <Filter>Header Files\modelloaders</Filter>
    </ClInclude>
    <ClInclude Include="Code\modelloaders\assimploader.h">
      <Filter>Header Files\modelloaders</Filter>
    </ClInclude>
    <ClInclude Include="Code\modelloaders\mdlloader.h">
      <Filter>Header Files\modelloaders</Filter>
    </ClInclude>
    <ClInclude Include="Code\modelloaders\mdlexporter.h">
      <Filter>Header Files\modelloaders</Filter>
    </ClInclude>
  </ItemGroup>
</Project>